
Microsoft Visual Studio Solution File, Format Version 12.00
# Visual Studio Version 17
VisualStudioVersion = 17.4.33213.308
MinimumVisualStudioVersion = 10.0.40219.1
Project("{FAE04EC0-301F-11D3-BF4B-00C04F79EFBC}") = "UiT.Blazor.Ordsky", "UiT.Blazor.Ordsky\UiT.Blazor.Ordsky.csproj", "{A67E3360-12DC-4BC7-BA1E-DCECCE90A83E}"
EndProject
Global
	GlobalSection(SolutionConfigurationPlatforms) = preSolution
		Debug|Any CPU = Debug|Any CPU
		Release|Any CPU = Release|Any CPU
	EndGlobalSection
	GlobalSection(ProjectConfigurationPlatforms) = postSolution
		{A67E3360-12DC-4BC7-BA1E-DCECCE90A83E}.Debug|Any CPU.ActiveCfg = Debug|Any CPU
		{A67E3360-12DC-4BC7-BA1E-DCECCE90A83E}.Debug|Any CPU.Build.0 = Debug|Any CPU
		{A67E3360-12DC-4BC7-BA1E-DCECCE90A83E}.Release|Any CPU.ActiveCfg = Release|Any CPU
		{A67E3360-12DC-4BC7-BA1E-DCECCE90A83E}.Release|Any CPU.Build.0 = Release|Any CPU
	EndGlobalSection
	GlobalSection(SolutionProperties) = preSolution
		HideSolutionNode = FALSE
	EndGlobalSection
	GlobalSection(ExtensibilityGlobals) = postSolution
		SolutionGuid = {A178AC58-387A-4BDA-BCC9-190E05983DF3}
	EndGlobalSection
EndGlobal
